{
  "name": "rollup-plugin-pure-annotation",
  "version": "0.0.1",
  "lockfileVersion": 1,
  "requires": true,
  "dependencies": {
    "ast-types": {
      "version": "0.13.2",
      "resolved": "http://r.npm.sankuai.com/ast-types/download/ast-types-0.13.2.tgz",
      "integrity": "sha1-3zm2d6kRqD86BJZE+3T93tI86kg="
    },
    "babylon": {
      "version": "6.18.0",
      "resolved": "http://r.npm.sankuai.com/babylon/download/babylon-6.18.0.tgz",
      "integrity": "sha1-ry87iPpvXB5MY00aD46sT1WzleM="
    },
    "braces": {
      "version": "3.0.2",
      "resolved": "http://r.npm.sankuai.com/braces/download/braces-3.0.2.tgz",
      "integrity": "sha1-NFThpGLujVmeI23zNs2epPiv4Qc=",
      "requires": {
        "fill-range": "^7.0.1"
      }
    },
    "esprima": {
      "version": "4.0.1",
      "resolved": "http://r.npm.sankuai.com/esprima/download/esprima-4.0.1.tgz",
      "integrity": "sha1-E7BM2z5sXRnfkatph6hpVhmwqnE="
    },
    "fill-range": {
      "version": "7.0.1",
      "resolved": "http://r.npm.sankuai.com/fill-range/download/fill-range-7.0.1.tgz",
      "integrity": "sha1-GRmmp8df44ssfHflGYU12prN2kA=",
      "requires": {
        "to-regex-range": "^5.0.1"
      }
    },
    "is-number": {
      "version": "7.0.0",
      "resolved": "http://r.npm.sankuai.com/is-number/download/is-number-7.0.0.tgz",
      "integrity": "sha1-dTU0W4lnNNX4DE0GxQlVUnoU8Ss="
    },
    "micromatch": {
      "version": "4.0.2",
      "resolved": "http://r.npm.sankuai.com/micromatch/download/micromatch-4.0.2.tgz",
      "integrity": "sha1-T8sJmb+fvC/L3SEvbWKbmlbDklk=",
      "requires": {
        "braces": "^3.0.1",
        "picomatch": "^2.0.5"
      }
    },
    "picomatch": {
      "version": "2.0.7",
      "resolved": "http://r.npm.sankuai.com/picomatch/download/picomatch-2.0.7.tgz",
      "integrity": "sha1-UUFp2MfNC9vuzIomCeNKcWPeafY="
    },
    "private": {
      "version": "0.1.8",
      "resolved": "http://r.npm.sankuai.com/private/download/private-0.1.8.tgz",
      "integrity": "sha1-I4Hts2ifelPWUxkAYPz4ItLzaP8="
    },
    "recast": {
      "version": "0.18.5",
      "resolved": "http://r.npm.sankuai.com/recast/download/recast-0.18.5.tgz",
      "integrity": "sha1-nVrbwHmDo8gUXzA0gSN0pJPg/k0=",
      "requires": {
        "ast-types": "0.13.2",
        "esprima": "~4.0.0",
        "private": "^0.1.8",
        "source-map": "~0.6.1"
      }
    },
    "source-map": {
      "version": "0.6.1",
      "resolved": "http://r.npm.sankuai.com/source-map/download/source-map-0.6.1.tgz",
      "integrity": "sha1-dHIq8y6WFOnCh6jQu95IteLxomM="
    },
    "to-regex-range": {
      "version": "5.0.1",
      "resolved": "http://r.npm.sankuai.com/to-regex-range/download/to-regex-range-5.0.1.tgz",
      "integrity": "sha1-FkjESq58jZiKMmAY7XL1tN0DkuQ=",
      "requires": {
        "is-number": "^7.0.0"
      }
    }
  }
}
